
Microsoft Visual Studio Solution File, Format Version 12.00
# Visual Studio 15
VisualStudioVersion = 15.0.28010.2036
MinimumVisualStudioVersion = 10.0.40219.1
Project("{FAE04EC0-301F-11D3-BF4B-00C04F79EFBC}") = "UI", "..\UI\UI.csproj", "{08A1794E-A0EF-4A82-8AA8-07EF621A7CEC}"
EndProject
Project("{FAE04EC0-301F-11D3-BF4B-00C04F79EFBC}") = "DAL", "DAL\DAL.csproj", "{60C432F4-BA39-4F51-A8AC-1C3479334303}"
EndProject
Project("{FAE04EC0-301F-11D3-BF4B-00C04F79EFBC}") = "BLL", "BLL\BLL.csproj", "{0359BF86-3CC6-4EBB-834B-BBB72DBF1C88}"
EndProject
Project("{FAE04EC0-301F-11D3-BF4B-00C04F79EFBC}") = "WebApi", "WebApi\WebApi.csproj", "{728702D1-90FD-48B9-BD1F-2590FEFB643A}"
EndProject
Project("{FAE04EC0-301F-11D3-BF4B-00C04F79EFBC}") = "Entities", "Entities\Entities.csproj", "{4475E0C7-374D-4604-92BD-187952027AC2}"
EndProject
Global
	GlobalSection(SolutionConfigurationPlatforms) = preSolution
		Debug|Any CPU = Debug|Any CPU
		Release|Any CPU = Release|Any CPU
	EndGlobalSection
	GlobalSection(ProjectConfigurationPlatforms) = postSolution
		{08A1794E-A0EF-4A82-8AA8-07EF621A7CEC}.Debug|Any CPU.ActiveCfg = Debug|Any CPU
		{08A1794E-A0EF-4A82-8AA8-07EF621A7CEC}.Debug|Any CPU.Build.0 = Debug|Any CPU
		{08A1794E-A0EF-4A82-8AA8-07EF621A7CEC}.Release|Any CPU.ActiveCfg = Release|Any CPU
		{08A1794E-A0EF-4A82-8AA8-07EF621A7CEC}.Release|Any CPU.Build.0 = Release|Any CPU
		{60C432F4-BA39-4F51-A8AC-1C3479334303}.Debug|Any CPU.ActiveCfg = Debug|Any CPU
		{60C432F4-BA39-4F51-A8AC-1C3479334303}.Debug|Any CPU.Build.0 = Debug|Any CPU
		{60C432F4-BA39-4F51-A8AC-1C3479334303}.Release|Any CPU.ActiveCfg = Release|Any CPU
		{60C432F4-BA39-4F51-A8AC-1C3479334303}.Release|Any CPU.Build.0 = Release|Any CPU
		{0359BF86-3CC6-4EBB-834B-BBB72DBF1C88}.Debug|Any CPU.ActiveCfg = Debug|Any CPU
		{0359BF86-3CC6-4EBB-834B-BBB72DBF1C88}.Debug|Any CPU.Build.0 = Debug|Any CPU
		{0359BF86-3CC6-4EBB-834B-BBB72DBF1C88}.Release|Any CPU.ActiveCfg = Release|Any CPU
		{0359BF86-3CC6-4EBB-834B-BBB72DBF1C88}.Release|Any CPU.Build.0 = Release|Any CPU
		{728702D1-90FD-48B9-BD1F-2590FEFB643A}.Debug|Any CPU.ActiveCfg = Debug|Any CPU
		{728702D1-90FD-48B9-BD1F-2590FEFB643A}.Debug|Any CPU.Build.0 = Debug|Any CPU
		{728702D1-90FD-48B9-BD1F-2590FEFB643A}.Release|Any CPU.ActiveCfg = Release|Any CPU
		{728702D1-90FD-48B9-BD1F-2590FEFB643A}.Release|Any CPU.Build.0 = Release|Any CPU
		{4475E0C7-374D-4604-92BD-187952027AC2}.Debug|Any CPU.ActiveCfg = Debug|Any CPU
		{4475E0C7-374D-4604-92BD-187952027AC2}.Debug|Any CPU.Build.0 = Debug|Any CPU
		{4475E0C7-374D-4604-92BD-187952027AC2}.Release|Any CPU.ActiveCfg = Release|Any CPU
		{4475E0C7-374D-4604-92BD-187952027AC2}.Release|Any CPU.Build.0 = Release|Any CPU
	EndGlobalSection
	GlobalSection(SolutionProperties) = preSolution
		HideSolutionNode = FALSE
	EndGlobalSection
	GlobalSection(ExtensibilityGlobals) = postSolution
		SolutionGuid = {DC8FB33D-6CD1-406F-917F-A0122D0DA9CE}
	EndGlobalSection
EndGlobal
